// !$*UTF8*$!
{
	archiveVersion = 1;
	classes = {
	};
	objectVersion = 56;
	objects = {

/* Begin PBXBuildFile section */
		C446F3E42BC37AC800A14F7A /* AppDelegate.swift in Sources */ = {isa = PBXBuildFile; fileRef = C446F3E32BC37AC800A14F7A /* AppDelegate.swift */; };
		C446F3E62BC37AC800A14F7A /* SceneDelegate.swift in Sources */ = {isa = PBXBuildFile; fileRef = C446F3E52BC37AC800A14F7A /* SceneDelegate.swift */; };
		C446F3E82BC37AC800A14F7A /* ViewController.swift in Sources */ = {isa = PBXBuildFile; fileRef = C446F3E72BC37AC800A14F7A /* ViewController.swift */; };
		C446F3EB2BC37AC800A14F7A /* Main.storyboard in Resources */ = {isa = PBXBuildFile; fileRef = C446F3E92BC37AC800A14F7A /* Main.storyboard */; };
		C446F3F02BC37AC900A14F7A /* LaunchScreen.storyboard in Resources */ = {isa = PBXBuildFile; fileRef = C446F3EE2BC37AC900A14F7A /* LaunchScreen.storyboard */; };
		C459F7512BC8EBB800B404D8 /* Assets.xcassets in Resources */ = {isa = PBXBuildFile; fileRef = C459F7502BC8EBB800B404D8 /* Assets.xcassets */; };
		C47CE41F2BC97F7F00D1149F /* SearchHistory.swift in Sources */ = {isa = PBXBuildFile; fileRef = C47CE41E2BC97F7F00D1149F /* SearchHistory.swift */; };
		C47CE4212BC9837900D1149F /* HistoryTableViewController.swift in Sources */ = {isa = PBXBuildFile; fileRef = C47CE4202BC9837900D1149F /* HistoryTableViewController.swift */; };
		C49591252BC7294E004C01D2 /* NewsTableViewCell.swift in Sources */ = {isa = PBXBuildFile; fileRef = C49591242BC7294E004C01D2 /* NewsTableViewCell.swift */; };
		C4DC2B512BC8587F00B4B6DD /* Model.xcdatamodeld in Sources */ = {isa = PBXBuildFile; fileRef = C4DC2B4F2BC8587F00B4B6DD /* Model.xcdatamodeld */; };
		C4E631422BC38A1E00895DD1 /* WeatherViewController.swift in Sources */ = {isa = PBXBuildFile; fileRef = C4E631412BC38A1E00895DD1 /* WeatherViewController.swift */; };
		C4E631442BC38ECB00895DD1 /* Weather.swift in Sources */ = {isa = PBXBuildFile; fileRef = C4E631432BC38ECB00895DD1 /* Weather.swift */; };
		C4F3D0BD2BC4AB10004A0366 /* MapViewController.swift in Sources */ = {isa = PBXBuildFile; fileRef = C4F3D0BC2BC4AB10004A0366 /* MapViewController.swift */; };
		C4FA21C02BC4B85B00B00B80 /* NewsTableViewController.swift in Sources */ = {isa = PBXBuildFile; fileRef = C4FA21BF2BC4B85B00B00B80 /* NewsTableViewController.swift */; };
		C4FA21C22BC4BB8F00B00B80 /* News.swift in Sources */ = {isa = PBXBuildFile; fileRef = C4FA21C12BC4BB8F00B00B80 /* News.swift */; };
/* End PBXBuildFile section */

/* Begin PBXFileReference section */
		C446F3E02BC37AC800A14F7A /* Shahanaa_Arulanandan_FE_8967513.app */ = {isa = PBXFileReference; explicitFileType = wrapper.application; includeInIndex = 0; path = Shahanaa_Arulanandan_FE_8967513.app; sourceTree = BUILT_PRODUCTS_DIR; };
		C446F3E32BC37AC800A14F7A /* AppDelegate.swift */ = {isa = PBXFileReference; lastKnownFileType = sourcecode.swift; path = AppDelegate.swift; sourceTree = "<group>"; };
		C446F3E52BC37AC800A14F7A /* SceneDelegate.swift */ = {isa = PBXFileReference; lastKnownFileType = sourcecode.swift; path = SceneDelegate.swift; sourceTree = "<group>"; };
		C446F3E72BC37AC800A14F7A /* ViewController.swift */ = {isa = PBXFileReference; lastKnownFileType = sourcecode.swift; path = ViewController.swift; sourceTree = "<group>"; };
		C446F3EA2BC37AC800A14F7A /* Base */ = {isa = PBXFileReference; lastKnownFileType = file.storyboard; name = Base; path = Base.lproj/Main.storyboard; sourceTree = "<group>"; };
		C446F3EF2BC37AC900A14F7A /* Base */ = {isa = PBXFileReference; lastKnownFileType = file.storyboard; name = Base; path = Base.lproj/LaunchScreen.storyboard; sourceTree = "<group>"; };
		C446F3F12BC37AC900A14F7A /* Info.plist */ = {isa = PBXFileReference; lastKnownFileType = text.plist.xml; path = Info.plist; sourceTree = "<group>"; };
		C459F7502BC8EBB800B404D8 /* Assets.xcassets */ = {isa = PBXFileReference; lastKnownFileType = folder.assetcatalog; name = Assets.xcassets; path = ../../../.Trash/Assets.xcassets; sourceTree = "<group>"; };
		C47CE41E2BC97F7F00D1149F /* SearchHistory.swift */ = {isa = PBXFileReference; lastKnownFileType = sourcecode.swift; path = SearchHistory.swift; sourceTree = "<group>"; };
		C47CE4202BC9837900D1149F /* HistoryTableViewController.swift */ = {isa = PBXFileReference; lastKnownFileType = sourcecode.swift; path = HistoryTableViewController.swift; sourceTree = "<group>"; };
		C49591242BC7294E004C01D2 /* NewsTableViewCell.swift */ = {isa = PBXFileReference; lastKnownFileType = sourcecode.swift; path = NewsTableViewCell.swift; sourceTree = "<group>"; };
		C4DC2B502BC8587F00B4B6DD /* Model.xcdatamodel */ = {isa = PBXFileReference; lastKnownFileType = wrapper.xcdatamodel; path = Model.xcdatamodel; sourceTree = "<group>"; };
		C4E631412BC38A1E00895DD1 /* WeatherViewController.swift */ = {isa = PBXFileReference; lastKnownFileType = sourcecode.swift; path = WeatherViewController.swift; sourceTree = "<group>"; };
		C4E631432BC38ECB00895DD1 /* Weather.swift */ = {isa = PBXFileReference; lastKnownFileType = sourcecode.swift; path = Weather.swift; sourceTree = "<group>"; };
		C4F3D0BC2BC4AB10004A0366 /* MapViewController.swift */ = {isa = PBXFileReference; lastKnownFileType = sourcecode.swift; path = MapViewController.swift; sourceTree = "<group>"; };
		C4FA21BF2BC4B85B00B00B80 /* NewsTableViewController.swift */ = {isa = PBXFileReference; lastKnownFileType = sourcecode.swift; path = NewsTableViewController.swift; sourceTree = "<group>"; };
		C4FA21C12BC4BB8F00B00B80 /* News.swift */ = {isa = PBXFileReference; lastKnownFileType = sourcecode.swift; path = News.swift; sourceTree = "<group>"; };
/* End PBXFileReference section */

/* Begin PBXFrameworksBuildPhase section */
		C446F3DD2BC37AC800A14F7A /* Frameworks */ = {
			isa = PBXFrameworksBuildPhase;
			buildActionMask = 2147483647;
			files = (
			);
			runOnlyForDeploymentPostprocessing = 0;
		};
/* End PBXFrameworksBuildPhase section */

/* Begin PBXGroup section */
		C446F3D72BC37AC800A14F7A = {
			isa = PBXGroup;
			children = (
				C446F3E22BC37AC800A14F7A /* Shahanaa_Arulanandan_FE_8967513 */,
				C446F3E12BC37AC800A14F7A /* Products */,
			);
			sourceTree = "<group>";
		};
		C446F3E12BC37AC800A14F7A /* Products */ = {
			isa = PBXGroup;
			children = (
				C446F3E02BC37AC800A14F7A /* Shahanaa_Arulanandan_FE_8967513.app */,
			);
			name = Products;
			sourceTree = "<group>";
		};
		C446F3E22BC37AC800A14F7A /* Shahanaa_Arulanandan_FE_8967513 */ = {
			isa = PBXGroup;
			children = (
				C446F3E32BC37AC800A14F7A /* AppDelegate.swift */,
				C446F3E52BC37AC800A14F7A /* SceneDelegate.swift */,
				C446F3E72BC37AC800A14F7A /* ViewController.swift */,
				C446F3E92BC37AC800A14F7A /* Main.storyboard */,
				C47CE4202BC9837900D1149F /* HistoryTableViewController.swift */,
				C47CE41E2BC97F7F00D1149F /* SearchHistory.swift */,
				C4DC2B4F2BC8587F00B4B6DD /* Model.xcdatamodeld */,
				C49591242BC7294E004C01D2 /* NewsTableViewCell.swift */,
				C4FA21BF2BC4B85B00B00B80 /* NewsTableViewController.swift */,
				C4FA21C12BC4BB8F00B00B80 /* News.swift */,
				C4F3D0BC2BC4AB10004A0366 /* MapViewController.swift */,
				C4E631412BC38A1E00895DD1 /* WeatherViewController.swift */,
				C4E631432BC38ECB00895DD1 /* Weather.swift */,
				C446F3EE2BC37AC900A14F7A /* LaunchScreen.storyboard */,
				C446F3F12BC37AC900A14F7A /* Info.plist */,
				C459F7502BC8EBB800B404D8 /* Assets.xcassets */,
			);
			path = Shahanaa_Arulanandan_FE_8967513;
			sourceTree = "<group>";
		};
/* End PBXGroup section */

/* Begin PBXNativeTarget section */
		C446F3DF2BC37AC800A14F7A /* Shahanaa_Arulanandan_FE_8967513 */ = {
			isa = PBXNativeTarget;
			buildConfigurationList = C446F3F42BC37AC900A14F7A /* Build configuration list for PBXNativeTarget "Shahanaa_Arulanandan_FE_8967513" */;
			buildPhases = (
				C446F3DC2BC37AC800A14F7A /* Sources */,
				C446F3DD2BC37AC800A14F7A /* Frameworks */,
				C446F3DE2BC37AC800A14F7A /* Resources */,
			);
			buildRules = (
			);
			dependencies = (
			);
			name = Shahanaa_Arulanandan_FE_8967513;
			productName = Shahanaa_Arulanandan_FE_8967513;
			productReference = C446F3E02BC37AC800A14F7A /* Shahanaa_Arulanandan_FE_8967513.app */;
			productType = "com.apple.product-type.application";
		};
/* End PBXNativeTarget section */

/* Begin PBXProject section */
		C446F3D82BC37AC800A14F7A /* Project object */ = {
			isa = PBXProject;
			attributes = {
				BuildIndependentTargetsInParallel = 1;
				LastSwiftUpdateCheck = 1520;
				LastUpgradeCheck = 1520;
				TargetAttributes = {
					C446F3DF2BC37AC800A14F7A = {
						CreatedOnToolsVersion = 15.2;
					};
				};
			};
			buildConfigurationList = C446F3DB2BC37AC800A14F7A /* Build configuration list for PBXProject "Shahanaa_Arulanandan_FE_8967513" */;
			compatibilityVersion = "Xcode 14.0";
			developmentRegion = en;
			hasScannedForEncodings = 0;
			knownRegions = (
				en,
				Base,
			);
			mainGroup = C446F3D72BC37AC800A14F7A;
			productRefGroup = C446F3E12BC37AC800A14F7A /* Products */;
			projectDirPath = "";
			projectRoot = "";
			targets = (
				C446F3DF2BC37AC800A14F7A /* Shahanaa_Arulanandan_FE_8967513 */,
			);
		};
/* End PBXProject section */

/* Begin PBXResourcesBuildPhase section */
		C446F3DE2BC37AC800A14F7A /* Resources */ = {
			isa = PBXResourcesBuildPhase;
			buildActionMask = 2147483647;
			files = (
				C446F3F02BC37AC900A14F7A /* LaunchScreen.storyboard in Resources */,
				C459F7512BC8EBB800B404D8 /* Assets.xcassets in Resources */,
				C446F3EB2BC37AC800A14F7A /* Main.storyboard in Resources */,
			);
			runOnlyForDeploymentPostprocessing = 0;
		};
/* End PBXResourcesBuildPhase section */

/* Begin PBXSourcesBuildPhase section */
		C446F3DC2BC37AC800A14F7A /* Sources */ = {
			isa = PBXSourcesBuildPhase;
			buildActionMask = 2147483647;
			files = (
				C446F3E82BC37AC800A14F7A /* ViewController.swift in Sources */,
				C4F3D0BD2BC4AB10004A0366 /* MapViewController.swift in Sources */,
				C4FA21C22BC4BB8F00B00B80 /* News.swift in Sources */,
				C4E631422BC38A1E00895DD1 /* WeatherViewController.swift in Sources */,
				C446F3E42BC37AC800A14F7A /* AppDelegate.swift in Sources */,
				C446F3E62BC37AC800A14F7A /* SceneDelegate.swift in Sources */,
				C4FA21C02BC4B85B00B00B80 /* NewsTableViewController.swift in Sources */,
				C4E631442BC38ECB00895DD1 /* Weather.swift in Sources */,
				C4DC2B512BC8587F00B4B6DD /* Model.xcdatamodeld in Sources */,
				C47CE41F2BC97F7F00D1149F /* SearchHistory.swift in Sources */,
				C49591252BC7294E004C01D2 /* NewsTableViewCell.swift in Sources */,
				C47CE4212BC9837900D1149F /* HistoryTableViewController.swift in Sources */,
			);
			runOnlyForDeploymentPostprocessing = 0;
		};
/* End PBXSourcesBuildPhase section */

/* Begin PBXVariantGroup section */
		C446F3E92BC37AC800A14F7A /* Main.storyboard */ = {
			isa = PBXVariantGroup;
			children = (
				C446F3EA2BC37AC800A14F7A /* Base */,
			);
			name = Main.storyboard;
			sourceTree = "<group>";
		};
		C446F3EE2BC37AC900A14F7A /* LaunchScreen.storyboard */ = {
			isa = PBXVariantGroup;
			children = (
				C446F3EF2BC37AC900A14F7A /* Base */,
			);
			name = LaunchScreen.storyboard;
			sourceTree = "<group>";
		};
/* End PBXVariantGroup section */

/* Begin XCBuildConfiguration section */
		C446F3F22BC37AC900A14F7A /* Debug */ = {
			isa = XCBuildConfiguration;
			buildSettings = {
				ALWAYS_SEARCH_USER_PATHS = NO;
				ASSETCATALOG_COMPILER_GENERATE_SWIFT_ASSET_SYMBOL_EXTENSIONS = YES;
				CLANG_ANALYZER_NONNULL = YES;
				CLANG_ANALYZER_NUMBER_OBJECT_CONVERSION = YES_AGGRESSIVE;
				CLANG_CXX_LANGUAGE_STANDARD = "gnu++20";
				CLANG_ENABLE_MODULES = YES;
				CLANG_ENABLE_OBJC_ARC = YES;
				CLANG_ENABLE_OBJC_WEAK = YES;
				CLANG_WARN_BLOCK_CAPTURE_AUTORELEASING = YES;
				CLANG_WARN_BOOL_CONVERSION = YES;
				CLANG_WARN_COMMA = YES;
				CLANG_WARN_CONSTANT_CONVERSION = YES;
				CLANG_WARN_DEPRECATED_OBJC_IMPLEMENTATIONS = YES;
				CLANG_WARN_DIRECT_OBJC_ISA_USAGE = YES_ERROR;
				CLANG_WARN_DOCUMENTATION_COMMENTS = YES;
				CLANG_WARN_EMPTY_BODY = YES;
				CLANG_WARN_ENUM_CONVERSION = YES;
				CLANG_WARN_INFINITE_RECURSION = YES;
				CLANG_WARN_INT_CONVERSION = YES;
				CLANG_WARN_NON_LITERAL_NULL_CONVERSION = YES;
				CLANG_WARN_OBJC_IMPLICIT_RETAIN_SELF = YES;
				CLANG_WARN_OBJC_LITERAL_CONVERSION = YES;
				CLANG_WARN_OBJC_ROOT_CLASS = YES_ERROR;
				CLANG_WARN_QUOTED_INCLUDE_IN_FRAMEWORK_HEADER = YES;
				CLANG_WARN_RANGE_LOOP_ANALYSIS = YES;
				CLANG_WARN_STRICT_PROTOTYPES = YES;
				CLANG_WARN_SUSPICIOUS_MOVE = YES;
				CLANG_WARN_UNGUARDED_AVAILABILITY = YES_AGGRESSIVE;
				CLANG_WARN_UNREACHABLE_CODE = YES;
				CLANG_WARN__DUPLICATE_METHOD_MATCH = YES;
				COPY_PHASE_STRIP = NO;
				DEBUG_INFORMATION_FORMAT = dwarf;
				ENABLE_STRICT_OBJC_MSGSEND = YES;
				ENABLE_TESTABILITY = YES;
				ENABLE_USER_SCRIPT_SANDBOXING = YES;
				GCC_C_LANGUAGE_STANDARD = gnu17;
				GCC_DYNAMIC_NO_PIC = NO;
				GCC_NO_COMMON_BLOCKS = YES;
				GCC_OPTIMIZATION_LEVEL = 0;
				GCC_PREPROCESSOR_DEFINITIONS = (
					"DEBUG=1",
					"$(inherited)",
				);
				GCC_WARN_64_TO_32_BIT_CONVERSION = YES;
				GCC_WARN_ABOUT_RETURN_TYPE = YES_ERROR;
				GCC_WARN_UNDECLARED_SELECTOR = YES;
				GCC_WARN_UNINITIALIZED_AUTOS = YES_AGGRESSIVE;
				GCC_WARN_UNUSED_FUNCTION = YES;
				GCC_WARN_UNUSED_VARIABLE = YES;
				IPHONEOS_DEPLOYMENT_TARGET = 17.2;
				LOCALIZATION_PREFERS_STRING_CATALOGS = YES;
				MTL_ENABLE_DEBUG_INFO = INCLUDE_SOURCE;
				MTL_FAST_MATH = YES;
				ONLY_ACTIVE_ARCH = YES;
				SDKROOT = iphoneos;
				SWIFT_ACTIVE_COMPILATION_CONDITIONS = "DEBUG $(inherited)";
				SWIFT_OPTIMIZATION_LEVEL = "-Onone";
			};
			name = Debug;
		};
		C446F3F32BC37AC900A14F7A /* Release */ = {
			isa = XCBuildConfiguration;
			buildSettings = {
				ALWAYS_SEARCH_USER_PATHS = NO;
				ASSETCATALOG_COMPILER_GENERATE_SWIFT_ASSET_SYMBOL_EXTENSIONS = YES;
				CLANG_ANALYZER_NONNULL = YES;
				CLANG_ANALYZER_NUMBER_OBJECT_CONVERSION = YES_AGGRESSIVE;
				CLANG_CXX_LANGUAGE_STANDARD = "gnu++20";
				CLANG_ENABLE_MODULES = YES;
				CLANG_ENABLE_OBJC_ARC = YES;
				CLANG_ENABLE_OBJC_WEAK = YES;
				CLANG_WARN_BLOCK_CAPTURE_AUTORELEASING = YES;
				CLANG_WARN_BOOL_CONVERSION = YES;
				CLANG_WARN_COMMA = YES;
				CLANG_WARN_CONSTANT_CONVERSION = YES;
				CLANG_WARN_DEPRECATED_OBJC_IMPLEMENTATIONS = YES;
				CLANG_WARN_DIRECT_OBJC_ISA_USAGE = YES_ERROR;
				CLANG_WARN_DOCUMENTATION_COMMENTS = YES;
				CLANG_WARN_EMPTY_BODY = YES;
				CLANG_WARN_ENUM_CONVERSION = YES;
				CLANG_WARN_INFINITE_RECURSION = YES;
				CLANG_WARN_INT_CONVERSION = YES;
				CLANG_WARN_NON_LITERAL_NULL_CONVERSION = YES;
				CLANG_WARN_OBJC_IMPLICIT_RETAIN_SELF = YES;
				CLANG_WARN_OBJC_LITERAL_CONVERSION = YES;
				CLANG_WARN_OBJC_ROOT_CLASS = YES_ERROR;
				CLANG_WARN_QUOTED_INCLUDE_IN_FRAMEWORK_HEADER = YES;
				CLANG_WARN_RANGE_LOOP_ANALYSIS = YES;
				CLANG_WARN_STRICT_PROTOTYPES = YES;
				CLANG_WARN_SUSPICIOUS_MOVE = YES;
				CLANG_WARN_UNGUARDED_AVAILABILITY = YES_AGGRESSIVE;
				CLANG_WARN_UNREACHABLE_CODE = YES;
				CLANG_WARN__DUPLICATE_METHOD_MATCH = YES;
				COPY_PHASE_STRIP = NO;
				DEBUG_INFORMATION_FORMAT = "dwarf-with-dsym";
				ENABLE_NS_ASSERTIONS = NO;
				ENABLE_STRICT_OBJC_MSGSEND = YES;
				ENABLE_USER_SCRIPT_SANDBOXING = YES;
				GCC_C_LANGUAGE_STANDARD = gnu17;
				GCC_NO_COMMON_BLOCKS = YES;
				GCC_WARN_64_TO_32_BIT_CONVERSION = YES;
				GCC_WARN_ABOUT_RETURN_TYPE = YES_ERROR;
				GCC_WARN_UNDECLARED_SELECTOR = YES;
				GCC_WARN_UNINITIALIZED_AUTOS = YES_AGGRESSIVE;
				GCC_WARN_UNUSED_FUNCTION = YES;
				GCC_WARN_UNUSED_VARIABLE = YES;
				IPHONEOS_DEPLOYMENT_TARGET = 17.2;
				LOCALIZATION_PREFERS_STRING_CATALOGS = YES;
				MTL_ENABLE_DEBUG_INFO = NO;
				MTL_FAST_MATH = YES;
				SDKROOT = iphoneos;
				SWIFT_COMPILATION_MODE = wholemodule;
				VALIDATE_PRODUCT = YES;
			};
			name = Release;
		};
		C446F3F52BC37AC900A14F7A /* Debug */ = {
			isa = XCBuildConfiguration;
			buildSettings = {
				ASSETCATALOG_COMPILER_APPICON_NAME = AppIcon;
				ASSETCATALOG_COMPILER_GLOBAL_ACCENT_COLOR_NAME = AccentColor;
				CODE_SIGN_STYLE = Automatic;
				CURRENT_PROJECT_VERSION = 1;
				GENERATE_INFOPLIST_FILE = YES;
				INFOPLIST_FILE = Shahanaa_Arulanandan_FE_8967513/Info.plist;
				INFOPLIST_KEY_UIApplicationSupportsIndirectInputEvents = YES;
				INFOPLIST_KEY_UILaunchStoryboardName = LaunchScreen;
				INFOPLIST_KEY_UIMainStoryboardFile = Main;
				INFOPLIST_KEY_UISupportedInterfaceOrientations = "UIInterfaceOrientationLandscapeLeft UIInterfaceOrientationLandscapeRight UIInterfaceOrientationPortrait";
				INFOPLIST_KEY_UISupportedInterfaceOrientations_iPad = "UIInterfaceOrientationLandscapeLeft UIInterfaceOrientationLandscapeRight UIInterfaceOrientationPortrait UIInterfaceOrientationPortraitUpsideDown";
				LD_RUNPATH_SEARCH_PATHS = (
					"$(inherited)",
					"@executable_path/Frameworks",
				);
				MARKETING_VERSION = 1.0;
				PRODUCT_BUNDLE_IDENTIFIER = "com.conestoga.Shahanaa-Arulanandan-FE-8967513";
				PRODUCT_NAME = "$(TARGET_NAME)";
				SUPPORTED_PLATFORMS = "iphoneos iphonesimulator";
				SUPPORTS_MACCATALYST = NO;
				SUPPORTS_MAC_DESIGNED_FOR_IPHONE_IPAD = NO;
				SUPPORTS_XR_DESIGNED_FOR_IPHONE_IPAD = NO;
				SWIFT_EMIT_LOC_STRINGS = YES;
				SWIFT_VERSION = 5.0;
				TARGETED_DEVICE_FAMILY = 1;
			};
			name = Debug;
		};
		C446F3F62BC37AC900A14F7A /* Release */ = {
			isa = XCBuildConfiguration;
			buildSettings = {
				ASSETCATALOG_COMPILER_APPICON_NAME = AppIcon;
				ASSETCATALOG_COMPILER_GLOBAL_ACCENT_COLOR_NAME = AccentColor;
				CODE_SIGN_STYLE = Automatic;
				CURRENT_PROJECT_VERSION = 1;
				GENERATE_INFOPLIST_FILE = YES;
				INFOPLIST_FILE = Shahanaa_Arulanandan_FE_8967513/Info.plist;
				INFOPLIST_KEY_UIApplicationSupportsIndirectInputEvents = YES;
				INFOPLIST_KEY_UILaunchStoryboardName = LaunchScreen;
				INFOPLIST_KEY_UIMainStoryboardFile = Main;
				INFOPLIST_KEY_UISupportedInterfaceOrientations = "UIInterfaceOrientationLandscapeLeft UIInterfaceOrientationLandscapeRight UIInterfaceOrientationPortrait";
				INFOPLIST_KEY_UISupportedInterfaceOrientations_iPad = "UIInterfaceOrientationLandscapeLeft UIInterfaceOrientationLandscapeRight UIInterfaceOrientationPortrait UIInterfaceOrientationPortraitUpsideDown";
				LD_RUNPATH_SEARCH_PATHS = (
					"$(inherited)",
					"@executable_path/Frameworks",
				);
				MARKETING_VERSION = 1.0;
				PRODUCT_BUNDLE_IDENTIFIER = "com.conestoga.Shahanaa-Arulanandan-FE-8967513";
				PRODUCT_NAME = "$(TARGET_NAME)";
				SUPPORTED_PLATFORMS = "iphoneos iphonesimulator";
				SUPPORTS_MACCATALYST = NO;
				SUPPORTS_MAC_DESIGNED_FOR_IPHONE_IPAD = NO;
				SUPPORTS_XR_DESIGNED_FOR_IPHONE_IPAD = NO;
				SWIFT_EMIT_LOC_STRINGS = YES;
				SWIFT_VERSION = 5.0;
				TARGETED_DEVICE_FAMILY = 1;
			};
			name = Release;
		};
/* End XCBuildConfiguration section */

/* Begin XCConfigurationList section */
		C446F3DB2BC37AC800A14F7A /* Build configuration list for PBXProject "Shahanaa_Arulanandan_FE_8967513" */ = {
			isa = XCConfigurationList;
			buildConfigurations = (
				C446F3F22BC37AC900A14F7A /* Debug */,
				C446F3F32BC37AC900A14F7A /* Release */,
			);
			defaultConfigurationIsVisible = 0;
			defaultConfigurationName = Release;
		};
		C446F3F42BC37AC900A14F7A /* Build configuration list for PBXNativeTarget "Shahanaa_Arulanandan_FE_8967513" */ = {
			isa = XCConfigurationList;
			buildConfigurations = (
				C446F3F52BC37AC900A14F7A /* Debug */,
				C446F3F62BC37AC900A14F7A /* Release */,
			);
			defaultConfigurationIsVisible = 0;
			defaultConfigurationName = Release;
		};
/* End XCConfigurationList section */

/* Begin XCVersionGroup section */
		C4DC2B4F2BC8587F00B4B6DD /* Model.xcdatamodeld */ = {
			isa = XCVersionGroup;
			children = (
				C4DC2B502BC8587F00B4B6DD /* Model.xcdatamodel */,
			);
			currentVersion = C4DC2B502BC8587F00B4B6DD /* Model.xcdatamodel */;
			path = Model.xcdatamodeld;
			sourceTree = "<group>";
			versionGroupType = wrapper.xcdatamodel;
		};
/* End XCVersionGroup section */
	};
	rootObject = C446F3D82BC37AC800A14F7A /* Project object */;
}
